// !$*UTF8*$!
{
	archiveVersion = 1;
	classes = {
	};
	objectVersion = 77;
	objects = {

/* Begin PBXBuildFile section */
		0BAEE0522CE0B1C200458DAF /* FirebaseAnalytics in Frameworks */ = {isa = PBXBuildFile; productRef = 0BAEE0512CE0B1C200458DAF /* FirebaseAnalytics */; };
		0BAEE0542CE0B1C200458DAF /* FirebaseAnalyticsOnDeviceConversion in Frameworks */ = {isa = PBXBuildFile; productRef = 0BAEE0532CE0B1C200458DAF /* FirebaseAnalyticsOnDeviceConversion */; };
		0BAEE0562CE0B1C200458DAF /* FirebaseAnalyticsWithoutAdIdSupport in Frameworks */ = {isa = PBXBuildFile; productRef = 0BAEE0552CE0B1C200458DAF /* FirebaseAnalyticsWithoutAdIdSupport */; };
		0BAEE0582CE0B1C200458DAF /* FirebaseAppCheck in Frameworks */ = {isa = PBXBuildFile; productRef = 0BAEE0572CE0B1C200458DAF /* FirebaseAppCheck */; };
		0BAEE05A2CE0B1C200458DAF /* FirebaseAppDistribution-Beta in Frameworks */ = {isa = PBXBuildFile; productRef = 0BAEE0592CE0B1C200458DAF /* FirebaseAppDistribution-Beta */; };
		0BAEE05C2CE0B1C200458DAF /* FirebaseAuth in Frameworks */ = {isa = PBXBuildFile; productRef = 0BAEE05B2CE0B1C200458DAF /* FirebaseAuth */; };
		0BAEE05E2CE0B1C200458DAF /* FirebaseAuthCombine-Community in Frameworks */ = {isa = PBXBuildFile; productRef = 0BAEE05D2CE0B1C200458DAF /* FirebaseAuthCombine-Community */; };
		0BAEE0602CE0B1C200458DAF /* FirebaseCore in Frameworks */ = {isa = PBXBuildFile; productRef = 0BAEE05F2CE0B1C200458DAF /* FirebaseCore */; };
		0BAEE0622CE0B1C200458DAF /* FirebaseCrashlytics in Frameworks */ = {isa = PBXBuildFile; productRef = 0BAEE0612CE0B1C200458DAF /* FirebaseCrashlytics */; };
		0BAEE0642CE0B1C200458DAF /* FirebaseDatabase in Frameworks */ = {isa = PBXBuildFile; productRef = 0BAEE0632CE0B1C200458DAF /* FirebaseDatabase */; };
		0BAEE0662CE0B1C200458DAF /* FirebaseDynamicLinks in Frameworks */ = {isa = PBXBuildFile; productRef = 0BAEE0652CE0B1C200458DAF /* FirebaseDynamicLinks */; };
		0BAEE0682CE0B1C200458DAF /* FirebaseFirestore in Frameworks */ = {isa = PBXBuildFile; productRef = 0BAEE0672CE0B1C200458DAF /* FirebaseFirestore */; };
		0BAEE06A2CE0B1C200458DAF /* FirebaseFirestoreCombine-Community in Frameworks */ = {isa = PBXBuildFile; productRef = 0BAEE0692CE0B1C200458DAF /* FirebaseFirestoreCombine-Community */; };
		0BAEE06C2CE0B1C200458DAF /* FirebaseFunctions in Frameworks */ = {isa = PBXBuildFile; productRef = 0BAEE06B2CE0B1C200458DAF /* FirebaseFunctions */; };
		0BAEE06E2CE0B1C200458DAF /* FirebaseFunctionsCombine-Community in Frameworks */ = {isa = PBXBuildFile; productRef = 0BAEE06D2CE0B1C200458DAF /* FirebaseFunctionsCombine-Community */; };
		0BAEE0702CE0B1C200458DAF /* FirebaseInAppMessaging-Beta in Frameworks */ = {isa = PBXBuildFile; productRef = 0BAEE06F2CE0B1C200458DAF /* FirebaseInAppMessaging-Beta */; };
		0BAEE0722CE0B1C200458DAF /* FirebaseInstallations in Frameworks */ = {isa = PBXBuildFile; productRef = 0BAEE0712CE0B1C200458DAF /* FirebaseInstallations */; };
		0BAEE0742CE0B1C200458DAF /* FirebaseMLModelDownloader in Frameworks */ = {isa = PBXBuildFile; productRef = 0BAEE0732CE0B1C200458DAF /* FirebaseMLModelDownloader */; };
		0BAEE0762CE0B1C200458DAF /* FirebaseMessaging in Frameworks */ = {isa = PBXBuildFile; productRef = 0BAEE0752CE0B1C200458DAF /* FirebaseMessaging */; };
		0BAEE0782CE0B1C200458DAF /* FirebasePerformance in Frameworks */ = {isa = PBXBuildFile; productRef = 0BAEE0772CE0B1C200458DAF /* FirebasePerformance */; };
		0BAEE07A2CE0B1C200458DAF /* FirebaseRemoteConfig in Frameworks */ = {isa = PBXBuildFile; productRef = 0BAEE0792CE0B1C200458DAF /* FirebaseRemoteConfig */; };
		0BAEE07C2CE0B1C200458DAF /* FirebaseStorage in Frameworks */ = {isa = PBXBuildFile; productRef = 0BAEE07B2CE0B1C200458DAF /* FirebaseStorage */; };
		0BAEE07E2CE0B1C200458DAF /* FirebaseStorageCombine-Community in Frameworks */ = {isa = PBXBuildFile; productRef = 0BAEE07D2CE0B1C200458DAF /* FirebaseStorageCombine-Community */; };
		0BAEE0802CE0B1C200458DAF /* FirebaseVertexAI in Frameworks */ = {isa = PBXBuildFile; productRef = 0BAEE07F2CE0B1C200458DAF /* FirebaseVertexAI */; };
/* End PBXBuildFile section */

/* Begin PBXContainerItemProxy section */
		93C336332CE0932D001F4420 /* PBXContainerItemProxy */ = {
			isa = PBXContainerItemProxy;
			containerPortal = 93C3361A2CE0932B001F4420 /* Project object */;
			proxyType = 1;
			remoteGlobalIDString = 93C336212CE0932B001F4420;
			remoteInfo = Bloom;
		};
		93C3363D2CE0932D001F4420 /* PBXContainerItemProxy */ = {
			isa = PBXContainerItemProxy;
			containerPortal = 93C3361A2CE0932B001F4420 /* Project object */;
			proxyType = 1;
			remoteGlobalIDString = 93C336212CE0932B001F4420;
			remoteInfo = Bloom;
		};
/* End PBXContainerItemProxy section */

/* Begin PBXFileReference section */
		93C336222CE0932B001F4420 /* Bloom.app */ = {isa = PBXFileReference; explicitFileType = wrapper.application; includeInIndex = 0; path = Bloom.app; sourceTree = BUILT_PRODUCTS_DIR; };
		93C336322CE0932D001F4420 /* BloomTests.xctest */ = {isa = PBXFileReference; explicitFileType = wrapper.cfbundle; includeInIndex = 0; path = BloomTests.xctest; sourceTree = BUILT_PRODUCTS_DIR; };
		93C3363C2CE0932D001F4420 /* BloomUITests.xctest */ = {isa = PBXFileReference; explicitFileType = wrapper.cfbundle; includeInIndex = 0; path = BloomUITests.xctest; sourceTree = BUILT_PRODUCTS_DIR; };
/* End PBXFileReference section */

/* Begin PBXFileSystemSynchronizedBuildFileExceptionSet section */
		0BAEE0A62CE0D7B700458DAF /* Exceptions for "Bloom" folder in "Bloom" target */ = {
			isa = PBXFileSystemSynchronizedBuildFileExceptionSet;
			membershipExceptions = (
				Info.plist,
			);
			target = 93C336212CE0932B001F4420 /* Bloom */;
		};
/* End PBXFileSystemSynchronizedBuildFileExceptionSet section */

/* Begin PBXFileSystemSynchronizedRootGroup section */
		93C336242CE0932B001F4420 /* Bloom */ = {
			isa = PBXFileSystemSynchronizedRootGroup;
			exceptions = (
				0BAEE0A62CE0D7B700458DAF /* Exceptions for "Bloom" folder in "Bloom" target */,
			);
			path = Bloom;
			sourceTree = "<group>";
		};
		93C336352CE0932D001F4420 /* BloomTests */ = {
			isa = PBXFileSystemSynchronizedRootGroup;
			path = BloomTests;
			sourceTree = "<group>";
		};
		93C3363F2CE0932D001F4420 /* BloomUITests */ = {
			isa = PBXFileSystemSynchronizedRootGroup;
			path = BloomUITests;
			sourceTree = "<group>";
		};
/* End PBXFileSystemSynchronizedRootGroup section */

/* Begin PBXFrameworksBuildPhase section */
		93C3361F2CE0932B001F4420 /* Frameworks */ = {
			isa = PBXFrameworksBuildPhase;
			buildActionMask = 2147483647;
			files = (
				0BAEE06A2CE0B1C200458DAF /* FirebaseFirestoreCombine-Community in Frameworks */,
				0BAEE0802CE0B1C200458DAF /* FirebaseVertexAI in Frameworks */,
				0BAEE06C2CE0B1C200458DAF /* FirebaseFunctions in Frameworks */,
				0BAEE0782CE0B1C200458DAF /* FirebasePerformance in Frameworks */,
				0BAEE07E2CE0B1C200458DAF /* FirebaseStorageCombine-Community in Frameworks */,
				0BAEE07A2CE0B1C200458DAF /* FirebaseRemoteConfig in Frameworks */,
				0BAEE0642CE0B1C200458DAF /* FirebaseDatabase in Frameworks */,
				0BAEE0662CE0B1C200458DAF /* FirebaseDynamicLinks in Frameworks */,
				0BAEE0582CE0B1C200458DAF /* FirebaseAppCheck in Frameworks */,
				0BAEE05C2CE0B1C200458DAF /* FirebaseAuth in Frameworks */,
				0BAEE0522CE0B1C200458DAF /* FirebaseAnalytics in Frameworks */,
				0BAEE0682CE0B1C200458DAF /* FirebaseFirestore in Frameworks */,
				0BAEE0762CE0B1C200458DAF /* FirebaseMessaging in Frameworks */,
				0BAEE0722CE0B1C200458DAF /* FirebaseInstallations in Frameworks */,
				0BAEE06E2CE0B1C200458DAF /* FirebaseFunctionsCombine-Community in Frameworks */,
				0BAEE05A2CE0B1C200458DAF /* FirebaseAppDistribution-Beta in Frameworks */,
				0BAEE0562CE0B1C200458DAF /* FirebaseAnalyticsWithoutAdIdSupport in Frameworks */,
				0BAEE0702CE0B1C200458DAF /* FirebaseInAppMessaging-Beta in Frameworks */,
				0BAEE05E2CE0B1C200458DAF /* FirebaseAuthCombine-Community in Frameworks */,
				0BAEE0622CE0B1C200458DAF /* FirebaseCrashlytics in Frameworks */,
				0BAEE0742CE0B1C200458DAF /* FirebaseMLModelDownloader in Frameworks */,
				0BAEE07C2CE0B1C200458DAF /* FirebaseStorage in Frameworks */,
				0BAEE0602CE0B1C200458DAF /* FirebaseCore in Frameworks */,
				0BAEE0542CE0B1C200458DAF /* FirebaseAnalyticsOnDeviceConversion in Frameworks */,
			);
			runOnlyForDeploymentPostprocessing = 0;
		};
		93C3362F2CE0932D001F4420 /* Frameworks */ = {
			isa = PBXFrameworksBuildPhase;
			buildActionMask = 2147483647;
			files = (
			);
			runOnlyForDeploymentPostprocessing = 0;
		};
		93C336392CE0932D001F4420 /* Frameworks */ = {
			isa = PBXFrameworksBuildPhase;
			buildActionMask = 2147483647;
			files = (
			);
			runOnlyForDeploymentPostprocessing = 0;
		};
/* End PBXFrameworksBuildPhase section */

/* Begin PBXGroup section */
		93C336192CE0932B001F4420 = {
			isa = PBXGroup;
			children = (
				93C336242CE0932B001F4420 /* Bloom */,
				93C336352CE0932D001F4420 /* BloomTests */,
				93C3363F2CE0932D001F4420 /* BloomUITests */,
				93C336232CE0932B001F4420 /* Products */,
			);
			sourceTree = "<group>";
		};
		93C336232CE0932B001F4420 /* Products */ = {
			isa = PBXGroup;
			children = (
				93C336222CE0932B001F4420 /* Bloom.app */,
				93C336322CE0932D001F4420 /* BloomTests.xctest */,
				93C3363C2CE0932D001F4420 /* BloomUITests.xctest */,
			);
			name = Products;
			sourceTree = "<group>";
		};
/* End PBXGroup section */

/* Begin PBXNativeTarget section */
		93C336212CE0932B001F4420 /* Bloom */ = {
			isa = PBXNativeTarget;
			buildConfigurationList = 93C336462CE0932D001F4420 /* Build configuration list for PBXNativeTarget "Bloom" */;
			buildPhases = (
				93C3361E2CE0932B001F4420 /* Sources */,
				93C3361F2CE0932B001F4420 /* Frameworks */,
				93C336202CE0932B001F4420 /* Resources */,
			);
			buildRules = (
			);
			dependencies = (
			);
			fileSystemSynchronizedGroups = (
				93C336242CE0932B001F4420 /* Bloom */,
			);
			name = Bloom;
			packageProductDependencies = (
				0BAEE0512CE0B1C200458DAF /* FirebaseAnalytics */,
				0BAEE0532CE0B1C200458DAF /* FirebaseAnalyticsOnDeviceConversion */,
				0BAEE0552CE0B1C200458DAF /* FirebaseAnalyticsWithoutAdIdSupport */,
				0BAEE0572CE0B1C200458DAF /* FirebaseAppCheck */,
				0BAEE0592CE0B1C200458DAF /* FirebaseAppDistribution-Beta */,
				0BAEE05B2CE0B1C200458DAF /* FirebaseAuth */,
				0BAEE05D2CE0B1C200458DAF /* FirebaseAuthCombine-Community */,
				0BAEE05F2CE0B1C200458DAF /* FirebaseCore */,
				0BAEE0612CE0B1C200458DAF /* FirebaseCrashlytics */,
				0BAEE0632CE0B1C200458DAF /* FirebaseDatabase */,
				0BAEE0652CE0B1C200458DAF /* FirebaseDynamicLinks */,
				0BAEE0672CE0B1C200458DAF /* FirebaseFirestore */,
				0BAEE0692CE0B1C200458DAF /* FirebaseFirestoreCombine-Community */,
				0BAEE06B2CE0B1C200458DAF /* FirebaseFunctions */,
				0BAEE06D2CE0B1C200458DAF /* FirebaseFunctionsCombine-Community */,
				0BAEE06F2CE0B1C200458DAF /* FirebaseInAppMessaging-Beta */,
				0BAEE0712CE0B1C200458DAF /* FirebaseInstallations */,
				0BAEE0732CE0B1C200458DAF /* FirebaseMLModelDownloader */,
				0BAEE0752CE0B1C200458DAF /* FirebaseMessaging */,
				0BAEE0772CE0B1C200458DAF /* FirebasePerformance */,
				0BAEE0792CE0B1C200458DAF /* FirebaseRemoteConfig */,
				0BAEE07B2CE0B1C200458DAF /* FirebaseStorage */,
				0BAEE07D2CE0B1C200458DAF /* FirebaseStorageCombine-Community */,
				0BAEE07F2CE0B1C200458DAF /* FirebaseVertexAI */,
			);
			productName = Bloom;
			productReference = 93C336222CE0932B001F4420 /* Bloom.app */;
			productType = "com.apple.product-type.application";
		};
		93C336312CE0932D001F4420 /* BloomTests */ = {
			isa = PBXNativeTarget;
			buildConfigurationList = 93C336492CE0932D001F4420 /* Build configuration list for PBXNativeTarget "BloomTests" */;
			buildPhases = (
				93C3362E2CE0932D001F4420 /* Sources */,
				93C3362F2CE0932D001F4420 /* Frameworks */,
				93C336302CE0932D001F4420 /* Resources */,
			);
			buildRules = (
			);
			dependencies = (
				93C336342CE0932D001F4420 /* PBXTargetDependency */,
			);
			fileSystemSynchronizedGroups = (
				93C336352CE0932D001F4420 /* BloomTests */,
			);
			name = BloomTests;
			packageProductDependencies = (
			);
			productName = BloomTests;
			productReference = 93C336322CE0932D001F4420 /* BloomTests.xctest */;
			productType = "com.apple.product-type.bundle.unit-test";
		};
		93C3363B2CE0932D001F4420 /* BloomUITests */ = {
			isa = PBXNativeTarget;
			buildConfigurationList = 93C3364C2CE0932D001F4420 /* Build configuration list for PBXNativeTarget "BloomUITests" */;
			buildPhases = (
				93C336382CE0932D001F4420 /* Sources */,
				93C336392CE0932D001F4420 /* Frameworks */,
				93C3363A2CE0932D001F4420 /* Resources */,
			);
			buildRules = (
			);
			dependencies = (
				93C3363E2CE0932D001F4420 /* PBXTargetDependency */,
			);
			fileSystemSynchronizedGroups = (
				93C3363F2CE0932D001F4420 /* BloomUITests */,
			);
			name = BloomUITests;
			packageProductDependencies = (
			);
			productName = BloomUITests;
			productReference = 93C3363C2CE0932D001F4420 /* BloomUITests.xctest */;
			productType = "com.apple.product-type.bundle.ui-testing";
		};
/* End PBXNativeTarget section */

/* Begin PBXProject section */
		93C3361A2CE0932B001F4420 /* Project object */ = {
			isa = PBXProject;
			attributes = {
				BuildIndependentTargetsInParallel = 1;
				LastSwiftUpdateCheck = 1610;
				LastUpgradeCheck = 1610;
				TargetAttributes = {
					93C336212CE0932B001F4420 = {
						CreatedOnToolsVersion = 16.1;
					};
					93C336312CE0932D001F4420 = {
						CreatedOnToolsVersion = 16.1;
						TestTargetID = 93C336212CE0932B001F4420;
					};
					93C3363B2CE0932D001F4420 = {
						CreatedOnToolsVersion = 16.1;
						TestTargetID = 93C336212CE0932B001F4420;
					};
				};
			};
			buildConfigurationList = 93C3361D2CE0932B001F4420 /* Build configuration list for PBXProject "Bloom" */;
			developmentRegion = en;
			hasScannedForEncodings = 0;
			knownRegions = (
				en,
				Base,
			);
			mainGroup = 93C336192CE0932B001F4420;
			minimizedProjectReferenceProxies = 1;
			packageReferences = (
				0BAEE0502CE0AFAB00458DAF /* XCRemoteSwiftPackageReference "firebase-ios-sdk" */,
			);
			preferredProjectObjectVersion = 77;
			productRefGroup = 93C336232CE0932B001F4420 /* Products */;
			projectDirPath = "";
			projectRoot = "";
			targets = (
				93C336212CE0932B001F4420 /* Bloom */,
				93C336312CE0932D001F4420 /* BloomTests */,
				93C3363B2CE0932D001F4420 /* BloomUITests */,
			);
		};
/* End PBXProject section */

/* Begin PBXResourcesBuildPhase section */
		93C336202CE0932B001F4420 /* Resources */ = {
			isa = PBXResourcesBuildPhase;
			buildActionMask = 2147483647;
			files = (
			);
			runOnlyForDeploymentPostprocessing = 0;
		};
		93C336302CE0932D001F4420 /* Resources */ = {
			isa = PBXResourcesBuildPhase;
			buildActionMask = 2147483647;
			files = (
			);
			runOnlyForDeploymentPostprocessing = 0;
		};
		93C3363A2CE0932D001F4420 /* Resources */ = {
			isa = PBXResourcesBuildPhase;
			buildActionMask = 2147483647;
			files = (
			);
			runOnlyForDeploymentPostprocessing = 0;
		};
/* End PBXResourcesBuildPhase section */

/* Begin PBXSourcesBuildPhase section */
		93C3361E2CE0932B001F4420 /* Sources */ = {
			isa = PBXSourcesBuildPhase;
			buildActionMask = 2147483647;
			files = (
			);
			runOnlyForDeploymentPostprocessing = 0;
		};
		93C3362E2CE0932D001F4420 /* Sources */ = {
			isa = PBXSourcesBuildPhase;
			buildActionMask = 2147483647;
			files = (
			);
			runOnlyForDeploymentPostprocessing = 0;
		};
		93C336382CE0932D001F4420 /* Sources */ = {
			isa = PBXSourcesBuildPhase;
			buildActionMask = 2147483647;
			files = (
			);
			runOnlyForDeploymentPostprocessing = 0;
		};
/* End PBXSourcesBuildPhase section */

/* Begin PBXTargetDependency section */
		93C336342CE0932D001F4420 /* PBXTargetDependency */ = {
			isa = PBXTargetDependency;
			target = 93C336212CE0932B001F4420 /* Bloom */;
			targetProxy = 93C336332CE0932D001F4420 /* PBXContainerItemProxy */;
		};
		93C3363E2CE0932D001F4420 /* PBXTargetDependency */ = {
			isa = PBXTargetDependency;
			target = 93C336212CE0932B001F4420 /* Bloom */;
			targetProxy = 93C3363D2CE0932D001F4420 /* PBXContainerItemProxy */;
		};
/* End PBXTargetDependency section */

/* Begin XCBuildConfiguration section */
		93C336442CE0932D001F4420 /* Debug */ = {
			isa = XCBuildConfiguration;
			buildSettings = {
				ALWAYS_SEARCH_USER_PATHS = NO;
				ASSETCATALOG_COMPILER_GENERATE_SWIFT_ASSET_SYMBOL_EXTENSIONS = YES;
				CLANG_ANALYZER_NONNULL = YES;
				CLANG_ANALYZER_NUMBER_OBJECT_CONVERSION = YES_AGGRESSIVE;
				CLANG_CXX_LANGUAGE_STANDARD = "gnu++20";
				CLANG_ENABLE_MODULES = YES;
				CLANG_ENABLE_OBJC_ARC = YES;
				CLANG_ENABLE_OBJC_WEAK = YES;
				CLANG_WARN_BLOCK_CAPTURE_AUTORELEASING = YES;
				CLANG_WARN_BOOL_CONVERSION = YES;
				CLANG_WARN_COMMA = YES;
				CLANG_WARN_CONSTANT_CONVERSION = YES;
				CLANG_WARN_DEPRECATED_OBJC_IMPLEMENTATIONS = YES;
				CLANG_WARN_DIRECT_OBJC_ISA_USAGE = YES_ERROR;
				CLANG_WARN_DOCUMENTATION_COMMENTS = YES;
				CLANG_WARN_EMPTY_BODY = YES;
				CLANG_WARN_ENUM_CONVERSION = YES;
				CLANG_WARN_INFINITE_RECURSION = YES;
				CLANG_WARN_INT_CONVERSION = YES;
				CLANG_WARN_NON_LITERAL_NULL_CONVERSION = YES;
				CLANG_WARN_OBJC_IMPLICIT_RETAIN_SELF = YES;
				CLANG_WARN_OBJC_LITERAL_CONVERSION = YES;
				CLANG_WARN_OBJC_ROOT_CLASS = YES_ERROR;
				CLANG_WARN_QUOTED_INCLUDE_IN_FRAMEWORK_HEADER = YES;
				CLANG_WARN_RANGE_LOOP_ANALYSIS = YES;
				CLANG_WARN_STRICT_PROTOTYPES = YES;
				CLANG_WARN_SUSPICIOUS_MOVE = YES;
				CLANG_WARN_UNGUARDED_AVAILABILITY = YES_AGGRESSIVE;
				CLANG_WARN_UNREACHABLE_CODE = YES;
				CLANG_WARN__DUPLICATE_METHOD_MATCH = YES;
				COPY_PHASE_STRIP = NO;
				DEBUG_INFORMATION_FORMAT = dwarf;
				ENABLE_STRICT_OBJC_MSGSEND = YES;
				ENABLE_TESTABILITY = YES;
				ENABLE_USER_SCRIPT_SANDBOXING = YES;
				GCC_C_LANGUAGE_STANDARD = gnu17;
				GCC_DYNAMIC_NO_PIC = NO;
				GCC_NO_COMMON_BLOCKS = YES;
				GCC_OPTIMIZATION_LEVEL = 0;
				GCC_PREPROCESSOR_DEFINITIONS = (
					"DEBUG=1",
					"$(inherited)",
				);
				GCC_WARN_64_TO_32_BIT_CONVERSION = YES;
				GCC_WARN_ABOUT_RETURN_TYPE = YES_ERROR;
				GCC_WARN_UNDECLARED_SELECTOR = YES;
				GCC_WARN_UNINITIALIZED_AUTOS = YES_AGGRESSIVE;
				GCC_WARN_UNUSED_FUNCTION = YES;
				GCC_WARN_UNUSED_VARIABLE = YES;
				IPHONEOS_DEPLOYMENT_TARGET = 18.1;
				LOCALIZATION_PREFERS_STRING_CATALOGS = YES;
				MTL_ENABLE_DEBUG_INFO = INCLUDE_SOURCE;
				MTL_FAST_MATH = YES;
				ONLY_ACTIVE_ARCH = YES;
				SDKROOT = iphoneos;
				SWIFT_ACTIVE_COMPILATION_CONDITIONS = "DEBUG $(inherited)";
				SWIFT_OPTIMIZATION_LEVEL = "-Onone";
			};
			name = Debug;
		};
		93C336452CE0932D001F4420 /* Release */ = {
			isa = XCBuildConfiguration;
			buildSettings = {
				ALWAYS_SEARCH_USER_PATHS = NO;
				ASSETCATALOG_COMPILER_GENERATE_SWIFT_ASSET_SYMBOL_EXTENSIONS = YES;
				CLANG_ANALYZER_NONNULL = YES;
				CLANG_ANALYZER_NUMBER_OBJECT_CONVERSION = YES_AGGRESSIVE;
				CLANG_CXX_LANGUAGE_STANDARD = "gnu++20";
				CLANG_ENABLE_MODULES = YES;
				CLANG_ENABLE_OBJC_ARC = YES;
				CLANG_ENABLE_OBJC_WEAK = YES;
				CLANG_WARN_BLOCK_CAPTURE_AUTORELEASING = YES;
				CLANG_WARN_BOOL_CONVERSION = YES;
				CLANG_WARN_COMMA = YES;
				CLANG_WARN_CONSTANT_CONVERSION = YES;
				CLANG_WARN_DEPRECATED_OBJC_IMPLEMENTATIONS = YES;
				CLANG_WARN_DIRECT_OBJC_ISA_USAGE = YES_ERROR;
				CLANG_WARN_DOCUMENTATION_COMMENTS = YES;
				CLANG_WARN_EMPTY_BODY = YES;
				CLANG_WARN_ENUM_CONVERSION = YES;
				CLANG_WARN_INFINITE_RECURSION = YES;
				CLANG_WARN_INT_CONVERSION = YES;
				CLANG_WARN_NON_LITERAL_NULL_CONVERSION = YES;
				CLANG_WARN_OBJC_IMPLICIT_RETAIN_SELF = YES;
				CLANG_WARN_OBJC_LITERAL_CONVERSION = YES;
				CLANG_WARN_OBJC_ROOT_CLASS = YES_ERROR;
				CLANG_WARN_QUOTED_INCLUDE_IN_FRAMEWORK_HEADER = YES;
				CLANG_WARN_RANGE_LOOP_ANALYSIS = YES;
				CLANG_WARN_STRICT_PROTOTYPES = YES;
				CLANG_WARN_SUSPICIOUS_MOVE = YES;
				CLANG_WARN_UNGUARDED_AVAILABILITY = YES_AGGRESSIVE;
				CLANG_WARN_UNREACHABLE_CODE = YES;
				CLANG_WARN__DUPLICATE_METHOD_MATCH = YES;
				COPY_PHASE_STRIP = NO;
				DEBUG_INFORMATION_FORMAT = "dwarf-with-dsym";
				ENABLE_NS_ASSERTIONS = NO;
				ENABLE_STRICT_OBJC_MSGSEND = YES;
				ENABLE_USER_SCRIPT_SANDBOXING = YES;
				GCC_C_LANGUAGE_STANDARD = gnu17;
				GCC_NO_COMMON_BLOCKS = YES;
				GCC_WARN_64_TO_32_BIT_CONVERSION = YES;
				GCC_WARN_ABOUT_RETURN_TYPE = YES_ERROR;
				GCC_WARN_UNDECLARED_SELECTOR = YES;
				GCC_WARN_UNINITIALIZED_AUTOS = YES_AGGRESSIVE;
				GCC_WARN_UNUSED_FUNCTION = YES;
				GCC_WARN_UNUSED_VARIABLE = YES;
				IPHONEOS_DEPLOYMENT_TARGET = 18.1;
				LOCALIZATION_PREFERS_STRING_CATALOGS = YES;
				MTL_ENABLE_DEBUG_INFO = NO;
				MTL_FAST_MATH = YES;
				SDKROOT = iphoneos;
				SWIFT_COMPILATION_MODE = wholemodule;
				VALIDATE_PRODUCT = YES;
			};
			name = Release;
		};
		93C336472CE0932D001F4420 /* Debug */ = {
			isa = XCBuildConfiguration;
			buildSettings = {
				ASSETCATALOG_COMPILER_APPICON_NAME = AppIcon;
				ASSETCATALOG_COMPILER_GLOBAL_ACCENT_COLOR_NAME = AccentColor;
				CODE_SIGN_STYLE = Automatic;
				CURRENT_PROJECT_VERSION = 1;
				DEVELOPMENT_ASSET_PATHS = "\"Bloom/Preview Content\"";
				DEVELOPMENT_TEAM = N4B724JBGT;
				ENABLE_PREVIEWS = YES;
				GENERATE_INFOPLIST_FILE = YES;
				INFOPLIST_KEY_UIApplicationSceneManifest_Generation = YES;
				INFOPLIST_KEY_UIApplicationSupportsIndirectInputEvents = YES;
				INFOPLIST_KEY_UILaunchScreen_Generation = YES;
				INFOPLIST_KEY_UISupportedInterfaceOrientations_iPad = "UIInterfaceOrientationPortrait UIInterfaceOrientationPortraitUpsideDown UIInterfaceOrientationLandscapeLeft UIInterfaceOrientationLandscapeRight";
				INFOPLIST_KEY_UISupportedInterfaceOrientations_iPhone = "UIInterfaceOrientationPortrait UIInterfaceOrientationLandscapeLeft UIInterfaceOrientationLandscapeRight";
				IPHONEOS_DEPLOYMENT_TARGET = 16.6;
				LD_RUNPATH_SEARCH_PATHS = (
					"$(inherited)",
					"@executable_path/Frameworks",
				);
				MARKETING_VERSION = 1.0;
				PRODUCT_BUNDLE_IDENTIFIER = vincent.Bloom;
				PRODUCT_NAME = "$(TARGET_NAME)";
				SWIFT_EMIT_LOC_STRINGS = YES;
				SWIFT_VERSION = 5.0;
				TARGETED_DEVICE_FAMILY = "1,2";
			};
			name = Debug;
		};
		93C336482CE0932D001F4420 /* Release */ = {
			isa = XCBuildConfiguration;
			buildSettings = {
				ASSETCATALOG_COMPILER_APPICON_NAME = AppIcon;
				ASSETCATALOG_COMPILER_GLOBAL_ACCENT_COLOR_NAME = AccentColor;
				CODE_SIGN_STYLE = Automatic;
				CURRENT_PROJECT_VERSION = 1;
				DEVELOPMENT_ASSET_PATHS = "\"Bloom/Preview Content\"";
				DEVELOPMENT_TEAM = N4B724JBGT;
				ENABLE_PREVIEWS = YES;
				GENERATE_INFOPLIST_FILE = YES;
				INFOPLIST_KEY_UIApplicationSceneManifest_Generation = YES;
				INFOPLIST_KEY_UIApplicationSupportsIndirectInputEvents = YES;
				INFOPLIST_KEY_UILaunchScreen_Generation = YES;
				INFOPLIST_KEY_UISupportedInterfaceOrientations_iPad = "UIInterfaceOrientationPortrait UIInterfaceOrientationPortraitUpsideDown UIInterfaceOrientationLandscapeLeft UIInterfaceOrientationLandscapeRight";
				INFOPLIST_KEY_UISupportedInterfaceOrientations_iPhone = "UIInterfaceOrientationPortrait UIInterfaceOrientationLandscapeLeft UIInterfaceOrientationLandscapeRight";
				IPHONEOS_DEPLOYMENT_TARGET = 16.6;
				LD_RUNPATH_SEARCH_PATHS = (
					"$(inherited)",
					"@executable_path/Frameworks",
				);
				MARKETING_VERSION = 1.0;
				PRODUCT_BUNDLE_IDENTIFIER = vincent.Bloom;
				PRODUCT_NAME = "$(TARGET_NAME)";
				SWIFT_EMIT_LOC_STRINGS = YES;
				SWIFT_VERSION = 5.0;
				TARGETED_DEVICE_FAMILY = "1,2";
			};
			name = Release;
		};
		93C3364A2CE0932D001F4420 /* Debug */ = {
			isa = XCBuildConfiguration;
			buildSettings = {
				BUNDLE_LOADER = "$(TEST_HOST)";
				CODE_SIGN_STYLE = Automatic;
				CURRENT_PROJECT_VERSION = 1;
				DEVELOPMENT_TEAM = N4B724JBGT;
				GENERATE_INFOPLIST_FILE = YES;
				IPHONEOS_DEPLOYMENT_TARGET = 16.6;
				MARKETING_VERSION = 1.0;
				PRODUCT_BUNDLE_IDENTIFIER = vincent.Bloom;
				PRODUCT_NAME = "$(TARGET_NAME)";
				SWIFT_EMIT_LOC_STRINGS = NO;
				SWIFT_VERSION = 5.0;
				TARGETED_DEVICE_FAMILY = "1,2";
				TEST_HOST = "$(BUILT_PRODUCTS_DIR)/Bloom.app/$(BUNDLE_EXECUTABLE_FOLDER_PATH)/Bloom";
			};
			name = Debug;
		};
		93C3364B2CE0932D001F4420 /* Release */ = {
			isa = XCBuildConfiguration;
			buildSettings = {
				BUNDLE_LOADER = "$(TEST_HOST)";
				CODE_SIGN_STYLE = Automatic;
				CURRENT_PROJECT_VERSION = 1;
				DEVELOPMENT_TEAM = N4B724JBGT;
				GENERATE_INFOPLIST_FILE = YES;
				IPHONEOS_DEPLOYMENT_TARGET = 16.6;
				MARKETING_VERSION = 1.0;
				PRODUCT_BUNDLE_IDENTIFIER = vincent.Bloom;
				PRODUCT_NAME = "$(TARGET_NAME)";
				SWIFT_EMIT_LOC_STRINGS = NO;
				SWIFT_VERSION = 5.0;
				TARGETED_DEVICE_FAMILY = "1,2";
				TEST_HOST = "$(BUILT_PRODUCTS_DIR)/Bloom.app/$(BUNDLE_EXECUTABLE_FOLDER_PATH)/Bloom";
			};
			name = Release;
		};
		93C3364D2CE0932D001F4420 /* Debug */ = {
			isa = XCBuildConfiguration;
			buildSettings = {
				CODE_SIGN_STYLE = Automatic;
				CURRENT_PROJECT_VERSION = 1;
				DEVELOPMENT_TEAM = N4B724JBGT;
				GENERATE_INFOPLIST_FILE = NO;
				INFOPLIST_FILE = "$(SRCROOT)/Bloom/Info.plist";
				MARKETING_VERSION = 1.0;
				PRODUCT_BUNDLE_IDENTIFIER = vincent.Bloom;
				PRODUCT_NAME = "$(TARGET_NAME)";
				SWIFT_EMIT_LOC_STRINGS = NO;
				SWIFT_VERSION = 5.0;
				TARGETED_DEVICE_FAMILY = "1,2";
				TEST_TARGET_NAME = Bloom;
			};
			name = Debug;
		};
		93C3364E2CE0932D001F4420 /* Release */ = {
			isa = XCBuildConfiguration;
			buildSettings = {
				CODE_SIGN_STYLE = Automatic;
				CURRENT_PROJECT_VERSION = 1;
				DEVELOPMENT_TEAM = N4B724JBGT;
				GENERATE_INFOPLIST_FILE = NO;
				INFOPLIST_FILE = "$(SRCROOT)/Bloom/Info.plist";
				MARKETING_VERSION = 1.0;
				PRODUCT_BUNDLE_IDENTIFIER = vincent.Bloom;
				PRODUCT_NAME = "$(TARGET_NAME)";
				SWIFT_EMIT_LOC_STRINGS = NO;
				SWIFT_VERSION = 5.0;
				TARGETED_DEVICE_FAMILY = "1,2";
				TEST_TARGET_NAME = Bloom;
			};
			name = Release;
		};
/* End XCBuildConfiguration section */

/* Begin XCConfigurationList section */
		93C3361D2CE0932B001F4420 /* Build configuration list for PBXProject "Bloom" */ = {
			isa = XCConfigurationList;
			buildConfigurations = (
				93C336442CE0932D001F4420 /* Debug */,
				93C336452CE0932D001F4420 /* Release */,
			);
			defaultConfigurationIsVisible = 0;
			defaultConfigurationName = Release;
		};
		93C336462CE0932D001F4420 /* Build configuration list for PBXNativeTarget "Bloom" */ = {
			isa = XCConfigurationList;
			buildConfigurations = (
				93C336472CE0932D001F4420 /* Debug */,
				93C336482CE0932D001F4420 /* Release */,
			);
			defaultConfigurationIsVisible = 0;
			defaultConfigurationName = Release;
		};
		93C336492CE0932D001F4420 /* Build configuration list for PBXNativeTarget "BloomTests" */ = {
			isa = XCConfigurationList;
			buildConfigurations = (
				93C3364A2CE0932D001F4420 /* Debug */,
				93C3364B2CE0932D001F4420 /* Release */,
			);
			defaultConfigurationIsVisible = 0;
			defaultConfigurationName = Release;
		};
		93C3364C2CE0932D001F4420 /* Build configuration list for PBXNativeTarget "BloomUITests" */ = {
			isa = XCConfigurationList;
			buildConfigurations = (
				93C3364D2CE0932D001F4420 /* Debug */,
				93C3364E2CE0932D001F4420 /* Release */,
			);
			defaultConfigurationIsVisible = 0;
			defaultConfigurationName = Release;
		};
/* End XCConfigurationList section */

/* Begin XCRemoteSwiftPackageReference section */
		0BAEE0502CE0AFAB00458DAF /* XCRemoteSwiftPackageReference "firebase-ios-sdk" */ = {
			isa = XCRemoteSwiftPackageReference;
			repositoryURL = "https://github.com/firebase/firebase-ios-sdk";
			requirement = {
				kind = upToNextMajorVersion;
				minimumVersion = 11.4.0;
			};
		};
/* End XCRemoteSwiftPackageReference section */

/* Begin XCSwiftPackageProductDependency section */
		0BAEE0512CE0B1C200458DAF /* FirebaseAnalytics */ = {
			isa = XCSwiftPackageProductDependency;
			package = 0BAEE0502CE0AFAB00458DAF /* XCRemoteSwiftPackageReference "firebase-ios-sdk" */;
			productName = FirebaseAnalytics;
		};
		0BAEE0532CE0B1C200458DAF /* FirebaseAnalyticsOnDeviceConversion */ = {
			isa = XCSwiftPackageProductDependency;
			package = 0BAEE0502CE0AFAB00458DAF /* XCRemoteSwiftPackageReference "firebase-ios-sdk" */;
			productName = FirebaseAnalyticsOnDeviceConversion;
		};
		0BAEE0552CE0B1C200458DAF /* FirebaseAnalyticsWithoutAdIdSupport */ = {
			isa = XCSwiftPackageProductDependency;
			package = 0BAEE0502CE0AFAB00458DAF /* XCRemoteSwiftPackageReference "firebase-ios-sdk" */;
			productName = FirebaseAnalyticsWithoutAdIdSupport;
		};
		0BAEE0572CE0B1C200458DAF /* FirebaseAppCheck */ = {
			isa = XCSwiftPackageProductDependency;
			package = 0BAEE0502CE0AFAB00458DAF /* XCRemoteSwiftPackageReference "firebase-ios-sdk" */;
			productName = FirebaseAppCheck;
		};
		0BAEE0592CE0B1C200458DAF /* FirebaseAppDistribution-Beta */ = {
			isa = XCSwiftPackageProductDependency;
			package = 0BAEE0502CE0AFAB00458DAF /* XCRemoteSwiftPackageReference "firebase-ios-sdk" */;
			productName = "FirebaseAppDistribution-Beta";
		};
		0BAEE05B2CE0B1C200458DAF /* FirebaseAuth */ = {
			isa = XCSwiftPackageProductDependency;
			package = 0BAEE0502CE0AFAB00458DAF /* XCRemoteSwiftPackageReference "firebase-ios-sdk" */;
			productName = FirebaseAuth;
		};
		0BAEE05D2CE0B1C200458DAF /* FirebaseAuthCombine-Community */ = {
			isa = XCSwiftPackageProductDependency;
			package = 0BAEE0502CE0AFAB00458DAF /* XCRemoteSwiftPackageReference "firebase-ios-sdk" */;
			productName = "FirebaseAuthCombine-Community";
		};
		0BAEE05F2CE0B1C200458DAF /* FirebaseCore */ = {
			isa = XCSwiftPackageProductDependency;
			package = 0BAEE0502CE0AFAB00458DAF /* XCRemoteSwiftPackageReference "firebase-ios-sdk" */;
			productName = FirebaseCore;
		};
		0BAEE0612CE0B1C200458DAF /* FirebaseCrashlytics */ = {
			isa = XCSwiftPackageProductDependency;
			package = 0BAEE0502CE0AFAB00458DAF /* XCRemoteSwiftPackageReference "firebase-ios-sdk" */;
			productName = FirebaseCrashlytics;
		};
		0BAEE0632CE0B1C200458DAF /* FirebaseDatabase */ = {
			isa = XCSwiftPackageProductDependency;
			package = 0BAEE0502CE0AFAB00458DAF /* XCRemoteSwiftPackageReference "firebase-ios-sdk" */;
			productName = FirebaseDatabase;
		};
		0BAEE0652CE0B1C200458DAF /* FirebaseDynamicLinks */ = {
			isa = XCSwiftPackageProductDependency;
			package = 0BAEE0502CE0AFAB00458DAF /* XCRemoteSwiftPackageReference "firebase-ios-sdk" */;
			productName = FirebaseDynamicLinks;
		};
		0BAEE0672CE0B1C200458DAF /* FirebaseFirestore */ = {
			isa = XCSwiftPackageProductDependency;
			package = 0BAEE0502CE0AFAB00458DAF /* XCRemoteSwiftPackageReference "firebase-ios-sdk" */;
			productName = FirebaseFirestore;
		};
		0BAEE0692CE0B1C200458DAF /* FirebaseFirestoreCombine-Community */ = {
			isa = XCSwiftPackageProductDependency;
			package = 0BAEE0502CE0AFAB00458DAF /* XCRemoteSwiftPackageReference "firebase-ios-sdk" */;
			productName = "FirebaseFirestoreCombine-Community";
		};
		0BAEE06B2CE0B1C200458DAF /* FirebaseFunctions */ = {
			isa = XCSwiftPackageProductDependency;
			package = 0BAEE0502CE0AFAB00458DAF /* XCRemoteSwiftPackageReference "firebase-ios-sdk" */;
			productName = FirebaseFunctions;
		};
		0BAEE06D2CE0B1C200458DAF /* FirebaseFunctionsCombine-Community */ = {
			isa = XCSwiftPackageProductDependency;
			package = 0BAEE0502CE0AFAB00458DAF /* XCRemoteSwiftPackageReference "firebase-ios-sdk" */;
			productName = "FirebaseFunctionsCombine-Community";
		};
		0BAEE06F2CE0B1C200458DAF /* FirebaseInAppMessaging-Beta */ = {
			isa = XCSwiftPackageProductDependency;
			package = 0BAEE0502CE0AFAB00458DAF /* XCRemoteSwiftPackageReference "firebase-ios-sdk" */;
			productName = "FirebaseInAppMessaging-Beta";
		};
		0BAEE0712CE0B1C200458DAF /* FirebaseInstallations */ = {
			isa = XCSwiftPackageProductDependency;
			package = 0BAEE0502CE0AFAB00458DAF /* XCRemoteSwiftPackageReference "firebase-ios-sdk" */;
			productName = FirebaseInstallations;
		};
		0BAEE0732CE0B1C200458DAF /* FirebaseMLModelDownloader */ = {
			isa = XCSwiftPackageProductDependency;
			package = 0BAEE0502CE0AFAB00458DAF /* XCRemoteSwiftPackageReference "firebase-ios-sdk" */;
			productName = FirebaseMLModelDownloader;
		};
		0BAEE0752CE0B1C200458DAF /* FirebaseMessaging */ = {
			isa = XCSwiftPackageProductDependency;
			package = 0BAEE0502CE0AFAB00458DAF /* XCRemoteSwiftPackageReference "firebase-ios-sdk" */;
			productName = FirebaseMessaging;
		};
		0BAEE0772CE0B1C200458DAF /* FirebasePerformance */ = {
			isa = XCSwiftPackageProductDependency;
			package = 0BAEE0502CE0AFAB00458DAF /* XCRemoteSwiftPackageReference "firebase-ios-sdk" */;
			productName = FirebasePerformance;
		};
		0BAEE0792CE0B1C200458DAF /* FirebaseRemoteConfig */ = {
			isa = XCSwiftPackageProductDependency;
			package = 0BAEE0502CE0AFAB00458DAF /* XCRemoteSwiftPackageReference "firebase-ios-sdk" */;
			productName = FirebaseRemoteConfig;
		};
		0BAEE07B2CE0B1C200458DAF /* FirebaseStorage */ = {
			isa = XCSwiftPackageProductDependency;
			package = 0BAEE0502CE0AFAB00458DAF /* XCRemoteSwiftPackageReference "firebase-ios-sdk" */;
			productName = FirebaseStorage;
		};
		0BAEE07D2CE0B1C200458DAF /* FirebaseStorageCombine-Community */ = {
			isa = XCSwiftPackageProductDependency;
			package = 0BAEE0502CE0AFAB00458DAF /* XCRemoteSwiftPackageReference "firebase-ios-sdk" */;
			productName = "FirebaseStorageCombine-Community";
		};
		0BAEE07F2CE0B1C200458DAF /* FirebaseVertexAI */ = {
			isa = XCSwiftPackageProductDependency;
			package = 0BAEE0502CE0AFAB00458DAF /* XCRemoteSwiftPackageReference "firebase-ios-sdk" */;
			productName = FirebaseVertexAI;
		};
/* End XCSwiftPackageProductDependency section */
	};
	rootObject = 93C3361A2CE0932B001F4420 /* Project object */;
}
